
Microsoft Visual Studio Solution File, Format Version 12.00
# Visual Studio 2013
Project("{2150E333-8FDC-42A3-9474-1A3956D46DE8}") = "Engine", "Engine", "{90688F1E-9D42-4946-B686-B0AD09CFF6D1}"
EndProject
Project("{2150E333-8FDC-42A3-9474-1A3956D46DE8}") = "Games", "Games", "{A5BBACFF-CC3E-4B7D-B1C0-6794601E79DB}"
EndProject
Project("{8BC9CEB8-8B4A-11D0-8D11-00A0C91BC942}") = "Crystalline", "Intermediate\ProjectFiles\Crystalline.vcxproj", "{ADD085B1-42D1-42A8-8650-310D58FBB714}"
	ProjectSection(ProjectDependencies) = postProject
	EndProjectSection
EndProject
Project("{8BC9CEB8-8B4A-11D0-8D11-00A0C91BC942}") = "UE4", "Intermediate\ProjectFiles\UE4.vcxproj", "{6EB36DDE-4F1E-4C28-8277-5FE44FE4598F}"
EndProject
Global
	GlobalSection(SolutionConfigurationPlatforms) = preSolution
		DebugGame Editor|Windows = DebugGame Editor|Windows
		DebugGame|Windows = DebugGame|Windows
		Development Editor|Windows = Development Editor|Windows
		Development|Windows = Development|Windows
		Shipping|Windows = Shipping|Windows
	EndGlobalSection
	GlobalSection(ProjectConfigurationPlatforms) = postSolution
		{ADD085B1-42D1-42A8-8650-310D58FBB714}.DebugGame Editor|Windows.ActiveCfg = DebugGame_Editor|x64
		{ADD085B1-42D1-42A8-8650-310D58FBB714}.DebugGame Editor|Windows.Build.0 = DebugGame_Editor|x64
		{ADD085B1-42D1-42A8-8650-310D58FBB714}.DebugGame|Windows.ActiveCfg = DebugGame_Game|x64
		{ADD085B1-42D1-42A8-8650-310D58FBB714}.DebugGame|Windows.Build.0 = DebugGame_Game|x64
		{ADD085B1-42D1-42A8-8650-310D58FBB714}.Development Editor|Windows.ActiveCfg = Development_Editor|x64
		{ADD085B1-42D1-42A8-8650-310D58FBB714}.Development Editor|Windows.Build.0 = Development_Editor|x64
		{ADD085B1-42D1-42A8-8650-310D58FBB714}.Development|Windows.ActiveCfg = Development_Game|x64
		{ADD085B1-42D1-42A8-8650-310D58FBB714}.Development|Windows.Build.0 = Development_Game|x64
		{ADD085B1-42D1-42A8-8650-310D58FBB714}.Shipping|Windows.ActiveCfg = Shipping_Game|Win32
		{ADD085B1-42D1-42A8-8650-310D58FBB714}.Shipping|Windows.Build.0 = Shipping_Game|Win32
	EndGlobalSection
	GlobalSection(SolutionProperties) = preSolution
		HideSolutionNode = FALSE
	EndGlobalSection
	GlobalSection(NestedProjects) = preSolution
		{6EB36DDE-4F1E-4C28-8277-5FE44FE4598F} = {90688F1E-9D42-4946-B686-B0AD09CFF6D1}
		{ADD085B1-42D1-42A8-8650-310D58FBB714} = {A5BBACFF-CC3E-4B7D-B1C0-6794601E79DB}
	EndGlobalSection
EndGlobal
