
Microsoft Visual Studio Solution File, Format Version 12.00
# Visual Studio 2013
VisualStudioVersion = 12.0.30501.0
MinimumVisualStudioVersion = 10.0.40219.1
Project("{2150E333-8FDC-42A3-9474-1A3956D46DE8}") = "Engine", "Engine", "{467ED7CC-3835-4B40-88F2-B50D91593D0D}"
EndProject
Project("{2150E333-8FDC-42A3-9474-1A3956D46DE8}") = "Games", "Games", "{E0EEEDF3-4868-4313-ABA0-BA7291E4CEF3}"
EndProject
Project("{8BC9CEB8-8B4A-11D0-8D11-00A0C91BC942}") = "Crystalline", "Intermediate\ProjectFiles\Crystalline.vcxproj", "{3D3BBB03-1370-4769-B6DC-98149C702D58}"
EndProject
Project("{8BC9CEB8-8B4A-11D0-8D11-00A0C91BC942}") = "UE4", "Intermediate\ProjectFiles\UE4.vcxproj", "{CB4AFBEB-09AF-4AF6-8B1B-28E25E519B9A}"
EndProject
Global
	GlobalSection(SolutionConfigurationPlatforms) = preSolution
		DebugGame Editor|Windows = DebugGame Editor|Windows
		DebugGame|Windows = DebugGame|Windows
		Development Editor|Windows = Development Editor|Windows
		Development|Windows = Development|Windows
		Shipping|Windows = Shipping|Windows
	EndGlobalSection
	GlobalSection(ProjectConfigurationPlatforms) = postSolution
		{3D3BBB03-1370-4769-B6DC-98149C702D58}.DebugGame Editor|Windows.ActiveCfg = DebugGame_Editor|x64
		{3D3BBB03-1370-4769-B6DC-98149C702D58}.DebugGame Editor|Windows.Build.0 = DebugGame_Editor|x64
		{3D3BBB03-1370-4769-B6DC-98149C702D58}.DebugGame|Windows.ActiveCfg = DebugGame_Game|x64
		{3D3BBB03-1370-4769-B6DC-98149C702D58}.DebugGame|Windows.Build.0 = DebugGame_Game|x64
		{3D3BBB03-1370-4769-B6DC-98149C702D58}.Development Editor|Windows.ActiveCfg = Development_Editor|x64
		{3D3BBB03-1370-4769-B6DC-98149C702D58}.Development Editor|Windows.Build.0 = Development_Editor|x64
		{3D3BBB03-1370-4769-B6DC-98149C702D58}.Development|Windows.ActiveCfg = Development_Game|x64
		{3D3BBB03-1370-4769-B6DC-98149C702D58}.Development|Windows.Build.0 = Development_Game|x64
		{3D3BBB03-1370-4769-B6DC-98149C702D58}.Shipping|Windows.ActiveCfg = Shipping_Game|Win32
		{3D3BBB03-1370-4769-B6DC-98149C702D58}.Shipping|Windows.Build.0 = Shipping_Game|Win32
		{CB4AFBEB-09AF-4AF6-8B1B-28E25E519B9A}.DebugGame Editor|Windows.ActiveCfg = BuiltWithUnrealBuildTool|Win32
		{CB4AFBEB-09AF-4AF6-8B1B-28E25E519B9A}.DebugGame|Windows.ActiveCfg = BuiltWithUnrealBuildTool|Win32
		{CB4AFBEB-09AF-4AF6-8B1B-28E25E519B9A}.Development Editor|Windows.ActiveCfg = BuiltWithUnrealBuildTool|Win32
		{CB4AFBEB-09AF-4AF6-8B1B-28E25E519B9A}.Development|Windows.ActiveCfg = BuiltWithUnrealBuildTool|Win32
		{CB4AFBEB-09AF-4AF6-8B1B-28E25E519B9A}.Shipping|Windows.ActiveCfg = BuiltWithUnrealBuildTool|Win32
	EndGlobalSection
	GlobalSection(SolutionProperties) = preSolution
		HideSolutionNode = FALSE
	EndGlobalSection
	GlobalSection(NestedProjects) = preSolution
		{3D3BBB03-1370-4769-B6DC-98149C702D58} = {E0EEEDF3-4868-4313-ABA0-BA7291E4CEF3}
		{CB4AFBEB-09AF-4AF6-8B1B-28E25E519B9A} = {467ED7CC-3835-4B40-88F2-B50D91593D0D}
	EndGlobalSection
EndGlobal
